
Microsoft Visual Studio Solution File, Format Version 12.00
# Visual Studio Version 16
VisualStudioVersion = 16.0.30114.105
MinimumVisualStudioVersion = 10.0.40219.1
Project("{FAE04EC0-301F-11D3-BF4B-00C04F79EFBC}") = "blog-upload-tool", "blog-upload-tool.csproj", "{FE2FFEAA-4845-4A82-9DA0-916F6A788260}"
EndProject
Global
	GlobalSection(SolutionConfigurationPlatforms) = preSolution
		Debug|Any CPU = Debug|Any CPU
		Release|Any CPU = Release|Any CPU
	EndGlobalSection
	GlobalSection(ProjectConfigurationPlatforms) = postSolution
		{FE2FFEAA-4845-4A82-9DA0-916F6A788260}.Debug|Any CPU.ActiveCfg = Debug|Any CPU
		{FE2FFEAA-4845-4A82-9DA0-916F6A788260}.Debug|Any CPU.Build.0 = Debug|Any CPU
		{FE2FFEAA-4845-4A82-9DA0-916F6A788260}.Release|Any CPU.ActiveCfg = Release|Any CPU
		{FE2FFEAA-4845-4A82-9DA0-916F6A788260}.Release|Any CPU.Build.0 = Release|Any CPU
	EndGlobalSection
	GlobalSection(SolutionProperties) = preSolution
		HideSolutionNode = FALSE
	EndGlobalSection
	GlobalSection(ExtensibilityGlobals) = postSolution
		SolutionGuid = {2B69A30B-ED49-4D62-82C2-DA7E8BC6DDBA}
	EndGlobalSection
EndGlobal
